
Microsoft Visual Studio Solution File, Format Version 12.00
Project("{FAE04EC0-301F-11D3-BF4B-00C04F79EFBC}") = "PrimeFixPlatform.API", "PrimeFixPlatform.API\PrimeFixPlatform.API.csproj", "{B813369B-C2A9-4600-98D7-F8749A338921}"
EndProject
Global
	GlobalSection(SolutionConfigurationPlatforms) = preSolution
		Debug|Any CPU = Debug|Any CPU
		Release|Any CPU = Release|Any CPU
	EndGlobalSection
	GlobalSection(ProjectConfigurationPlatforms) = postSolution
		{B813369B-C2A9-4600-98D7-F8749A338921}.Debug|Any CPU.ActiveCfg = Debug|Any CPU
		{B813369B-C2A9-4600-98D7-F8749A338921}.Debug|Any CPU.Build.0 = Debug|Any CPU
		{B813369B-C2A9-4600-98D7-F8749A338921}.Release|Any CPU.ActiveCfg = Release|Any CPU
		{B813369B-C2A9-4600-98D7-F8749A338921}.Release|Any CPU.Build.0 = Release|Any CPU
	EndGlobalSection
EndGlobal
